
Microsoft Visual Studio Solution File, Format Version 12.00
# Visual Studio Version 17
VisualStudioVersion = 17.14.36518.9
MinimumVisualStudioVersion = 10.0.40219.1
Project("{FAE04EC0-301F-11D3-BF4B-00C04F79EFBC}") = "Almacen.Saas.Domain", "Almacen.Saas.Domain.csproj", "{82BB57CD-523E-4D03-90CD-1B862E3C8D59}"
EndProject
Project("{FAE04EC0-301F-11D3-BF4B-00C04F79EFBC}") = "Almacen.Saas.Application", "..\Almacen.Saas.Application\Almacen.Saas.Application.csproj", "{6D551AB8-6A09-46E7-9DAB-0EE6F5C96FC8}"
EndProject
Project("{FAE04EC0-301F-11D3-BF4B-00C04F79EFBC}") = "Almacen.Saas.Infraestructure", "..\Almacen.Saas.Infraestructure\Almacen.Saas.Infraestructure.csproj", "{4789DE44-EB2D-4EC3-B4FE-1A41678A19A7}"
EndProject
Project("{FAE04EC0-301F-11D3-BF4B-00C04F79EFBC}") = "Almacen.Sass.Web", "..\Almacen.Sass.Web\Almacen.Sass.Web.csproj", "{B0A07C8D-C297-4871-A3C5-7A3830E8955C}"
EndProject
Project("{FAE04EC0-301F-11D3-BF4B-00C04F79EFBC}") = "Almacen.Saas.API", "..\Almacen.Saas.API\Almacen.Saas.API.csproj", "{ED9A6C3B-9F9E-4739-9B12-8EFA6D83919B}"
EndProject
Global
	GlobalSection(SolutionConfigurationPlatforms) = preSolution
		Debug|Any CPU = Debug|Any CPU
		Release|Any CPU = Release|Any CPU
	EndGlobalSection
	GlobalSection(ProjectConfigurationPlatforms) = postSolution
		{82BB57CD-523E-4D03-90CD-1B862E3C8D59}.Debug|Any CPU.ActiveCfg = Debug|Any CPU
		{82BB57CD-523E-4D03-90CD-1B862E3C8D59}.Debug|Any CPU.Build.0 = Debug|Any CPU
		{82BB57CD-523E-4D03-90CD-1B862E3C8D59}.Release|Any CPU.ActiveCfg = Release|Any CPU
		{82BB57CD-523E-4D03-90CD-1B862E3C8D59}.Release|Any CPU.Build.0 = Release|Any CPU
		{6D551AB8-6A09-46E7-9DAB-0EE6F5C96FC8}.Debug|Any CPU.ActiveCfg = Debug|Any CPU
		{6D551AB8-6A09-46E7-9DAB-0EE6F5C96FC8}.Debug|Any CPU.Build.0 = Debug|Any CPU
		{6D551AB8-6A09-46E7-9DAB-0EE6F5C96FC8}.Release|Any CPU.ActiveCfg = Release|Any CPU
		{6D551AB8-6A09-46E7-9DAB-0EE6F5C96FC8}.Release|Any CPU.Build.0 = Release|Any CPU
		{4789DE44-EB2D-4EC3-B4FE-1A41678A19A7}.Debug|Any CPU.ActiveCfg = Debug|Any CPU
		{4789DE44-EB2D-4EC3-B4FE-1A41678A19A7}.Debug|Any CPU.Build.0 = Debug|Any CPU
		{4789DE44-EB2D-4EC3-B4FE-1A41678A19A7}.Release|Any CPU.ActiveCfg = Release|Any CPU
		{4789DE44-EB2D-4EC3-B4FE-1A41678A19A7}.Release|Any CPU.Build.0 = Release|Any CPU
		{B0A07C8D-C297-4871-A3C5-7A3830E8955C}.Debug|Any CPU.ActiveCfg = Debug|Any CPU
		{B0A07C8D-C297-4871-A3C5-7A3830E8955C}.Debug|Any CPU.Build.0 = Debug|Any CPU
		{B0A07C8D-C297-4871-A3C5-7A3830E8955C}.Release|Any CPU.ActiveCfg = Release|Any CPU
		{B0A07C8D-C297-4871-A3C5-7A3830E8955C}.Release|Any CPU.Build.0 = Release|Any CPU
		{ED9A6C3B-9F9E-4739-9B12-8EFA6D83919B}.Debug|Any CPU.ActiveCfg = Debug|Any CPU
		{ED9A6C3B-9F9E-4739-9B12-8EFA6D83919B}.Debug|Any CPU.Build.0 = Debug|Any CPU
		{ED9A6C3B-9F9E-4739-9B12-8EFA6D83919B}.Release|Any CPU.ActiveCfg = Release|Any CPU
		{ED9A6C3B-9F9E-4739-9B12-8EFA6D83919B}.Release|Any CPU.Build.0 = Release|Any CPU
	EndGlobalSection
	GlobalSection(SolutionProperties) = preSolution
		HideSolutionNode = FALSE
	EndGlobalSection
	GlobalSection(ExtensibilityGlobals) = postSolution
		SolutionGuid = {2A61F79B-9776-4374-B40D-BC5645FFA425}
	EndGlobalSection
EndGlobal
